
Microsoft Visual Studio Solution File, Format Version 12.00
# Visual Studio Version 17
VisualStudioVersion = 17.0.31912.275
MinimumVisualStudioVersion = 10.0.40219.1
Project("{2150E333-8FDC-42A3-9474-1A3956D46DE8}") = "src", "src", "{63DEB0C6-9785-4A18-B0DE-D8040CE35BFE}"
EndProject
Project("{2150E333-8FDC-42A3-9474-1A3956D46DE8}") = "core", "core", "{0DAA621A-9A06-4E01-AFA1-12946BD76F46}"
EndProject
Project("{2150E333-8FDC-42A3-9474-1A3956D46DE8}") = "data", "data", "{1497F861-B737-48FA-BCFE-DB80511B9356}"
EndProject
Project("{2150E333-8FDC-42A3-9474-1A3956D46DE8}") = "app", "app", "{486DF6EE-31BB-43C4-B20C-2B57A70673B3}"
EndProject
Project("{2150E333-8FDC-42A3-9474-1A3956D46DE8}") = "web", "web", "{BE270FB9-0368-4223-A42F-23FDA15BF637}"
EndProject
Project("{2150E333-8FDC-42A3-9474-1A3956D46DE8}") = "Solution Items", "Solution Items", "{A3497176-37F0-47EC-A2DE-27818B04E54A}"
	ProjectSection(SolutionItems) = preProject
		.editorconfig = .editorconfig
	EndProjectSection
EndProject
Project("{2150E333-8FDC-42A3-9474-1A3956D46DE8}") = "infra", "infra", "{23306407-4C4D-49C4-A015-F5AF972A04C7}"
EndProject
Project("{9A19103F-16F7-4668-BE54-9A1E7A4F7556}") = "AspNetBase.Web", "src\web\AspNetBase.Web\AspNetBase.Web.csproj", "{65688A72-59AB-4BEF-B7E1-2556CAC1926A}"
EndProject
Project("{9A19103F-16F7-4668-BE54-9A1E7A4F7556}") = "AspNetBase.Identity.Web", "src\web\AspNetBase.Identity.Web\AspNetBase.Identity.Web.csproj", "{A64410D4-1F31-453F-8DEE-23DBB86C3FA1}"
EndProject
Project("{9A19103F-16F7-4668-BE54-9A1E7A4F7556}") = "AspNetBase.Admin.Web", "src\web\AspNetBase.Admin.Web\AspNetBase.Admin.Web.csproj", "{F99C44DB-9799-43FC-9B6E-4F00976C20BB}"
EndProject
Project("{9A19103F-16F7-4668-BE54-9A1E7A4F7556}") = "AspNetBase.Web.Common", "src\web\AspNetBase.Web.Common\AspNetBase.Web.Common.csproj", "{388EBACF-044F-49CC-A74B-F3273D3E8EB4}"
EndProject
Project("{9A19103F-16F7-4668-BE54-9A1E7A4F7556}") = "AspNetBase.Application", "src\app\AspNetBase.Application\AspNetBase.Application.csproj", "{D5CF06CC-674A-4404-B50B-F540394F2C65}"
EndProject
Project("{9A19103F-16F7-4668-BE54-9A1E7A4F7556}") = "AspNetBase.Identity", "src\app\AspNetBase.Identity\AspNetBase.Identity.csproj", "{88E4DFCB-A73E-41B3-AD3E-A6897B20B355}"
EndProject
Project("{9A19103F-16F7-4668-BE54-9A1E7A4F7556}") = "AspNetBase.Contracts", "src\core\AspNetBase.Contracts\AspNetBase.Contracts.csproj", "{82CEA6DF-3910-4814-9E77-A5BB247BE32E}"
EndProject
Project("{9A19103F-16F7-4668-BE54-9A1E7A4F7556}") = "AspNetBase.Core", "src\core\AspNetBase.Core\AspNetBase.Core.csproj", "{6EE47AA8-BFAC-4778-864F-E429F290F97C}"
EndProject
Project("{9A19103F-16F7-4668-BE54-9A1E7A4F7556}") = "AspNetBase.Domain", "src\core\AspNetBase.Domain\AspNetBase.Domain.csproj", "{1C1FCA17-946F-4D5D-B005-190B6EB3D4C6}"
EndProject
Project("{9A19103F-16F7-4668-BE54-9A1E7A4F7556}") = "AspNetBase.Persistence", "src\data\AspNetBase.Persistence\AspNetBase.Persistence.csproj", "{CC023B06-DC0C-47C9-81E2-408BCBC1F990}"
EndProject
Project("{9A19103F-16F7-4668-BE54-9A1E7A4F7556}") = "AspNetBase.Persistence.SqlServer", "src\data\AspNetBase.Persistence.SqlServer\AspNetBase.Persistence.SqlServer.csproj", "{ACAC5232-67A1-4552-B908-EB60C52158BD}"
EndProject
Project("{9A19103F-16F7-4668-BE54-9A1E7A4F7556}") = "AspNetBase.Repository", "src\data\AspNetBase.Repository\AspNetBase.Repository.csproj", "{A37DA658-CEF5-429C-82B9-5EDC18BAD751}"
EndProject
Project("{9A19103F-16F7-4668-BE54-9A1E7A4F7556}") = "AspNetBase.Extensions", "src\infra\AspNetBase.Extensions\AspNetBase.Extensions.csproj", "{51809706-ABF1-480B-B9DE-9FB4E6F13415}"
EndProject
Project("{9A19103F-16F7-4668-BE54-9A1E7A4F7556}") = "AspNetBase.Resources", "src\infra\AspNetBase.Resources\AspNetBase.Resources.csproj", "{EA014535-4ECE-43DA-8D64-7A11C0A04632}"
EndProject
Global
	GlobalSection(SolutionConfigurationPlatforms) = preSolution
		Debug|Any CPU = Debug|Any CPU
		Release|Any CPU = Release|Any CPU
	EndGlobalSection
	GlobalSection(ProjectConfigurationPlatforms) = postSolution
		{65688A72-59AB-4BEF-B7E1-2556CAC1926A}.Debug|Any CPU.ActiveCfg = Debug|Any CPU
		{65688A72-59AB-4BEF-B7E1-2556CAC1926A}.Debug|Any CPU.Build.0 = Debug|Any CPU
		{65688A72-59AB-4BEF-B7E1-2556CAC1926A}.Release|Any CPU.ActiveCfg = Release|Any CPU
		{65688A72-59AB-4BEF-B7E1-2556CAC1926A}.Release|Any CPU.Build.0 = Release|Any CPU
		{A64410D4-1F31-453F-8DEE-23DBB86C3FA1}.Debug|Any CPU.ActiveCfg = Debug|Any CPU
		{A64410D4-1F31-453F-8DEE-23DBB86C3FA1}.Debug|Any CPU.Build.0 = Debug|Any CPU
		{A64410D4-1F31-453F-8DEE-23DBB86C3FA1}.Release|Any CPU.ActiveCfg = Release|Any CPU
		{A64410D4-1F31-453F-8DEE-23DBB86C3FA1}.Release|Any CPU.Build.0 = Release|Any CPU
		{F99C44DB-9799-43FC-9B6E-4F00976C20BB}.Debug|Any CPU.ActiveCfg = Debug|Any CPU
		{F99C44DB-9799-43FC-9B6E-4F00976C20BB}.Debug|Any CPU.Build.0 = Debug|Any CPU
		{F99C44DB-9799-43FC-9B6E-4F00976C20BB}.Release|Any CPU.ActiveCfg = Release|Any CPU
		{F99C44DB-9799-43FC-9B6E-4F00976C20BB}.Release|Any CPU.Build.0 = Release|Any CPU
		{388EBACF-044F-49CC-A74B-F3273D3E8EB4}.Debug|Any CPU.ActiveCfg = Debug|Any CPU
		{388EBACF-044F-49CC-A74B-F3273D3E8EB4}.Debug|Any CPU.Build.0 = Debug|Any CPU
		{388EBACF-044F-49CC-A74B-F3273D3E8EB4}.Release|Any CPU.ActiveCfg = Release|Any CPU
		{388EBACF-044F-49CC-A74B-F3273D3E8EB4}.Release|Any CPU.Build.0 = Release|Any CPU
		{D5CF06CC-674A-4404-B50B-F540394F2C65}.Debug|Any CPU.ActiveCfg = Debug|Any CPU
		{D5CF06CC-674A-4404-B50B-F540394F2C65}.Debug|Any CPU.Build.0 = Debug|Any CPU
		{D5CF06CC-674A-4404-B50B-F540394F2C65}.Release|Any CPU.ActiveCfg = Release|Any CPU
		{D5CF06CC-674A-4404-B50B-F540394F2C65}.Release|Any CPU.Build.0 = Release|Any CPU
		{88E4DFCB-A73E-41B3-AD3E-A6897B20B355}.Debug|Any CPU.ActiveCfg = Debug|Any CPU
		{88E4DFCB-A73E-41B3-AD3E-A6897B20B355}.Debug|Any CPU.Build.0 = Debug|Any CPU
		{88E4DFCB-A73E-41B3-AD3E-A6897B20B355}.Release|Any CPU.ActiveCfg = Release|Any CPU
		{88E4DFCB-A73E-41B3-AD3E-A6897B20B355}.Release|Any CPU.Build.0 = Release|Any CPU
		{82CEA6DF-3910-4814-9E77-A5BB247BE32E}.Debug|Any CPU.ActiveCfg = Debug|Any CPU
		{82CEA6DF-3910-4814-9E77-A5BB247BE32E}.Debug|Any CPU.Build.0 = Debug|Any CPU
		{82CEA6DF-3910-4814-9E77-A5BB247BE32E}.Release|Any CPU.ActiveCfg = Release|Any CPU
		{82CEA6DF-3910-4814-9E77-A5BB247BE32E}.Release|Any CPU.Build.0 = Release|Any CPU
		{6EE47AA8-BFAC-4778-864F-E429F290F97C}.Debug|Any CPU.ActiveCfg = Debug|Any CPU
		{6EE47AA8-BFAC-4778-864F-E429F290F97C}.Debug|Any CPU.Build.0 = Debug|Any CPU
		{6EE47AA8-BFAC-4778-864F-E429F290F97C}.Release|Any CPU.ActiveCfg = Release|Any CPU
		{6EE47AA8-BFAC-4778-864F-E429F290F97C}.Release|Any CPU.Build.0 = Release|Any CPU
		{1C1FCA17-946F-4D5D-B005-190B6EB3D4C6}.Debug|Any CPU.ActiveCfg = Debug|Any CPU
		{1C1FCA17-946F-4D5D-B005-190B6EB3D4C6}.Debug|Any CPU.Build.0 = Debug|Any CPU
		{1C1FCA17-946F-4D5D-B005-190B6EB3D4C6}.Release|Any CPU.ActiveCfg = Release|Any CPU
		{1C1FCA17-946F-4D5D-B005-190B6EB3D4C6}.Release|Any CPU.Build.0 = Release|Any CPU
		{CC023B06-DC0C-47C9-81E2-408BCBC1F990}.Debug|Any CPU.ActiveCfg = Debug|Any CPU
		{CC023B06-DC0C-47C9-81E2-408BCBC1F990}.Debug|Any CPU.Build.0 = Debug|Any CPU
		{CC023B06-DC0C-47C9-81E2-408BCBC1F990}.Release|Any CPU.ActiveCfg = Release|Any CPU
		{CC023B06-DC0C-47C9-81E2-408BCBC1F990}.Release|Any CPU.Build.0 = Release|Any CPU
		{ACAC5232-67A1-4552-B908-EB60C52158BD}.Debug|Any CPU.ActiveCfg = Debug|Any CPU
		{ACAC5232-67A1-4552-B908-EB60C52158BD}.Debug|Any CPU.Build.0 = Debug|Any CPU
		{ACAC5232-67A1-4552-B908-EB60C52158BD}.Release|Any CPU.ActiveCfg = Release|Any CPU
		{ACAC5232-67A1-4552-B908-EB60C52158BD}.Release|Any CPU.Build.0 = Release|Any CPU
		{A37DA658-CEF5-429C-82B9-5EDC18BAD751}.Debug|Any CPU.ActiveCfg = Debug|Any CPU
		{A37DA658-CEF5-429C-82B9-5EDC18BAD751}.Debug|Any CPU.Build.0 = Debug|Any CPU
		{A37DA658-CEF5-429C-82B9-5EDC18BAD751}.Release|Any CPU.ActiveCfg = Release|Any CPU
		{A37DA658-CEF5-429C-82B9-5EDC18BAD751}.Release|Any CPU.Build.0 = Release|Any CPU
		{51809706-ABF1-480B-B9DE-9FB4E6F13415}.Debug|Any CPU.ActiveCfg = Debug|Any CPU
		{51809706-ABF1-480B-B9DE-9FB4E6F13415}.Debug|Any CPU.Build.0 = Debug|Any CPU
		{51809706-ABF1-480B-B9DE-9FB4E6F13415}.Release|Any CPU.ActiveCfg = Release|Any CPU
		{51809706-ABF1-480B-B9DE-9FB4E6F13415}.Release|Any CPU.Build.0 = Release|Any CPU
		{EA014535-4ECE-43DA-8D64-7A11C0A04632}.Debug|Any CPU.ActiveCfg = Debug|Any CPU
		{EA014535-4ECE-43DA-8D64-7A11C0A04632}.Debug|Any CPU.Build.0 = Debug|Any CPU
		{EA014535-4ECE-43DA-8D64-7A11C0A04632}.Release|Any CPU.ActiveCfg = Release|Any CPU
		{EA014535-4ECE-43DA-8D64-7A11C0A04632}.Release|Any CPU.Build.0 = Release|Any CPU
	EndGlobalSection
	GlobalSection(SolutionProperties) = preSolution
		HideSolutionNode = FALSE
	EndGlobalSection
	GlobalSection(NestedProjects) = preSolution
		{0DAA621A-9A06-4E01-AFA1-12946BD76F46} = {63DEB0C6-9785-4A18-B0DE-D8040CE35BFE}
		{1497F861-B737-48FA-BCFE-DB80511B9356} = {63DEB0C6-9785-4A18-B0DE-D8040CE35BFE}
		{486DF6EE-31BB-43C4-B20C-2B57A70673B3} = {63DEB0C6-9785-4A18-B0DE-D8040CE35BFE}
		{BE270FB9-0368-4223-A42F-23FDA15BF637} = {63DEB0C6-9785-4A18-B0DE-D8040CE35BFE}
		{23306407-4C4D-49C4-A015-F5AF972A04C7} = {63DEB0C6-9785-4A18-B0DE-D8040CE35BFE}
		{65688A72-59AB-4BEF-B7E1-2556CAC1926A} = {BE270FB9-0368-4223-A42F-23FDA15BF637}
		{A64410D4-1F31-453F-8DEE-23DBB86C3FA1} = {BE270FB9-0368-4223-A42F-23FDA15BF637}
		{F99C44DB-9799-43FC-9B6E-4F00976C20BB} = {BE270FB9-0368-4223-A42F-23FDA15BF637}
		{388EBACF-044F-49CC-A74B-F3273D3E8EB4} = {BE270FB9-0368-4223-A42F-23FDA15BF637}
		{D5CF06CC-674A-4404-B50B-F540394F2C65} = {486DF6EE-31BB-43C4-B20C-2B57A70673B3}
		{88E4DFCB-A73E-41B3-AD3E-A6897B20B355} = {486DF6EE-31BB-43C4-B20C-2B57A70673B3}
		{82CEA6DF-3910-4814-9E77-A5BB247BE32E} = {0DAA621A-9A06-4E01-AFA1-12946BD76F46}
		{6EE47AA8-BFAC-4778-864F-E429F290F97C} = {0DAA621A-9A06-4E01-AFA1-12946BD76F46}
		{1C1FCA17-946F-4D5D-B005-190B6EB3D4C6} = {0DAA621A-9A06-4E01-AFA1-12946BD76F46}
		{CC023B06-DC0C-47C9-81E2-408BCBC1F990} = {1497F861-B737-48FA-BCFE-DB80511B9356}
		{ACAC5232-67A1-4552-B908-EB60C52158BD} = {1497F861-B737-48FA-BCFE-DB80511B9356}
		{A37DA658-CEF5-429C-82B9-5EDC18BAD751} = {1497F861-B737-48FA-BCFE-DB80511B9356}
		{51809706-ABF1-480B-B9DE-9FB4E6F13415} = {23306407-4C4D-49C4-A015-F5AF972A04C7}
		{EA014535-4ECE-43DA-8D64-7A11C0A04632} = {23306407-4C4D-49C4-A015-F5AF972A04C7}
	EndGlobalSection
	GlobalSection(ExtensibilityGlobals) = postSolution
		SolutionGuid = {1D3B7268-F7A2-4B33-B243-852CF667ED91}
	EndGlobalSection
EndGlobal
